
Microsoft Visual Studio Solution File, Format Version 12.00
# Visual Studio Version 17
VisualStudioVersion = 17.6.33815.320
MinimumVisualStudioVersion = 10.0.40219.1
Project("{FAE04EC0-301F-11D3-BF4B-00C04F79EFBC}") = "CourseApp", "CourseApp\CourseApp.csproj", "{8D21A3D6-C3EA-4AE7-B446-D2295BCD5183}"
EndProject
Global
	GlobalSection(SolutionConfigurationPlatforms) = preSolution
		Debug|Any CPU = Debug|Any CPU
		Release|Any CPU = Release|Any CPU
	EndGlobalSection
	GlobalSection(ProjectConfigurationPlatforms) = postSolution
		{8D21A3D6-C3EA-4AE7-B446-D2295BCD5183}.Debug|Any CPU.ActiveCfg = Debug|Any CPU
		{8D21A3D6-C3EA-4AE7-B446-D2295BCD5183}.Debug|Any CPU.Build.0 = Debug|Any CPU
		{8D21A3D6-C3EA-4AE7-B446-D2295BCD5183}.Release|Any CPU.ActiveCfg = Release|Any CPU
		{8D21A3D6-C3EA-4AE7-B446-D2295BCD5183}.Release|Any CPU.Build.0 = Release|Any CPU
	EndGlobalSection
	GlobalSection(SolutionProperties) = preSolution
		HideSolutionNode = FALSE
	EndGlobalSection
	GlobalSection(ExtensibilityGlobals) = postSolution
		SolutionGuid = {A821F9AD-DF03-45B5-A078-ADF8E0DEBF2A}
	EndGlobalSection
EndGlobal
